
Microsoft Visual Studio Solution File, Format Version 12.00
# Visual Studio Version 17
VisualStudioVersion = 17.3.32929.385
MinimumVisualStudioVersion = 10.0.40219.1
Project("{FAE04EC0-301F-11D3-BF4B-00C04F79EFBC}") = "LoanSystem", "LoanSystem\LoanSystem.csproj", "{1F5EC1C9-D24E-4F32-903A-2B710F848254}"
EndProject
Project("{FAE04EC0-301F-11D3-BF4B-00C04F79EFBC}") = "LoanSystemTests", "LoanSystemTests\LoanSystemTests.csproj", "{D2A66822-DFBD-4E21-9A9D-06EE4F9AC758}"
EndProject
Global
	GlobalSection(SolutionConfigurationPlatforms) = preSolution
		Debug|Any CPU = Debug|Any CPU
		Release|Any CPU = Release|Any CPU
	EndGlobalSection
	GlobalSection(ProjectConfigurationPlatforms) = postSolution
		{1F5EC1C9-D24E-4F32-903A-2B710F848254}.Debug|Any CPU.ActiveCfg = Debug|Any CPU
		{1F5EC1C9-D24E-4F32-903A-2B710F848254}.Debug|Any CPU.Build.0 = Debug|Any CPU
		{1F5EC1C9-D24E-4F32-903A-2B710F848254}.Release|Any CPU.ActiveCfg = Release|Any CPU
		{1F5EC1C9-D24E-4F32-903A-2B710F848254}.Release|Any CPU.Build.0 = Release|Any CPU
		{D2A66822-DFBD-4E21-9A9D-06EE4F9AC758}.Debug|Any CPU.ActiveCfg = Debug|Any CPU
		{D2A66822-DFBD-4E21-9A9D-06EE4F9AC758}.Debug|Any CPU.Build.0 = Debug|Any CPU
		{D2A66822-DFBD-4E21-9A9D-06EE4F9AC758}.Release|Any CPU.ActiveCfg = Release|Any CPU
		{D2A66822-DFBD-4E21-9A9D-06EE4F9AC758}.Release|Any CPU.Build.0 = Release|Any CPU
	EndGlobalSection
	GlobalSection(SolutionProperties) = preSolution
		HideSolutionNode = FALSE
	EndGlobalSection
	GlobalSection(ExtensibilityGlobals) = postSolution
		SolutionGuid = {701B5F64-5001-4DA2-B470-CAE89A3DCB5A}
	EndGlobalSection
EndGlobal
